
Microsoft Visual Studio Solution File, Format Version 12.00
# Visual Studio 15
VisualStudioVersion = 15.0.28307.1231
MinimumVisualStudioVersion = 10.0.40219.1
Project("{FAE04EC0-301F-11D3-BF4B-00C04F79EFBC}") = "UsbScale", "UsbScale\UsbScale.csproj", "{F3A580EF-BAC7-41A9-A88D-5A2BE650D212}"
EndProject
Global
	GlobalSection(SolutionConfigurationPlatforms) = preSolution
		Debug|Any CPU = Debug|Any CPU
		Release|Any CPU = Release|Any CPU
	EndGlobalSection
	GlobalSection(ProjectConfigurationPlatforms) = postSolution
		{F3A580EF-BAC7-41A9-A88D-5A2BE650D212}.Debug|Any CPU.ActiveCfg = Debug|Any CPU
		{F3A580EF-BAC7-41A9-A88D-5A2BE650D212}.Debug|Any CPU.Build.0 = Debug|Any CPU
		{F3A580EF-BAC7-41A9-A88D-5A2BE650D212}.Release|Any CPU.ActiveCfg = Release|Any CPU
		{F3A580EF-BAC7-41A9-A88D-5A2BE650D212}.Release|Any CPU.Build.0 = Release|Any CPU
	EndGlobalSection
	GlobalSection(SolutionProperties) = preSolution
		HideSolutionNode = FALSE
	EndGlobalSection
	GlobalSection(ExtensibilityGlobals) = postSolution
		SolutionGuid = {AFBFB66D-ACDE-4231-AACF-2EEF76B92CB1}
	EndGlobalSection
EndGlobal
